
Microsoft Visual Studio Solution File, Format Version 12.00
# Visual Studio Version 16
VisualStudioVersion = 16.0.30907.101
MinimumVisualStudioVersion = 10.0.40219.1
Project("{9A19103F-16F7-4668-BE54-9A1E7A4F7556}") = "Entities", "Entities\Entities.csproj", "{25FD0B69-0D21-4BB5-9EBA-D26B84E3D266}"
EndProject
Project("{9A19103F-16F7-4668-BE54-9A1E7A4F7556}") = "DataAccess", "DataAccess\DataAccess.csproj", "{7F0DB41E-AA57-48DE-8112-0C10D5148167}"
EndProject
Project("{9A19103F-16F7-4668-BE54-9A1E7A4F7556}") = "Business", "Business\Business.csproj", "{4C4E9AF0-961C-4421-8AE8-F9D405B666C4}"
EndProject
Project("{9A19103F-16F7-4668-BE54-9A1E7A4F7556}") = "ConsoleUI", "ConsoleUI\ConsoleUI.csproj", "{05E44B59-7C04-4751-A8E1-3FD7E62DC139}"
EndProject
Project("{9A19103F-16F7-4668-BE54-9A1E7A4F7556}") = "Core", "Core\Core.csproj", "{662B1259-2E66-4E4C-BAF3-97BFB040B1D1}"
EndProject
Project("{FAE04EC0-301F-11D3-BF4B-00C04F79EFBC}") = "WebAPI", "WebAPI\WebAPI.csproj", "{AFA2A427-7F7E-4B17-85DB-549E7D2AB22A}"
EndProject
Global
	GlobalSection(SolutionConfigurationPlatforms) = preSolution
		Debug|Any CPU = Debug|Any CPU
		Release|Any CPU = Release|Any CPU
	EndGlobalSection
	GlobalSection(ProjectConfigurationPlatforms) = postSolution
		{25FD0B69-0D21-4BB5-9EBA-D26B84E3D266}.Debug|Any CPU.ActiveCfg = Debug|Any CPU
		{25FD0B69-0D21-4BB5-9EBA-D26B84E3D266}.Debug|Any CPU.Build.0 = Debug|Any CPU
		{25FD0B69-0D21-4BB5-9EBA-D26B84E3D266}.Release|Any CPU.ActiveCfg = Release|Any CPU
		{25FD0B69-0D21-4BB5-9EBA-D26B84E3D266}.Release|Any CPU.Build.0 = Release|Any CPU
		{7F0DB41E-AA57-48DE-8112-0C10D5148167}.Debug|Any CPU.ActiveCfg = Debug|Any CPU
		{7F0DB41E-AA57-48DE-8112-0C10D5148167}.Debug|Any CPU.Build.0 = Debug|Any CPU
		{7F0DB41E-AA57-48DE-8112-0C10D5148167}.Release|Any CPU.ActiveCfg = Release|Any CPU
		{7F0DB41E-AA57-48DE-8112-0C10D5148167}.Release|Any CPU.Build.0 = Release|Any CPU
		{4C4E9AF0-961C-4421-8AE8-F9D405B666C4}.Debug|Any CPU.ActiveCfg = Debug|Any CPU
		{4C4E9AF0-961C-4421-8AE8-F9D405B666C4}.Debug|Any CPU.Build.0 = Debug|Any CPU
		{4C4E9AF0-961C-4421-8AE8-F9D405B666C4}.Release|Any CPU.ActiveCfg = Release|Any CPU
		{4C4E9AF0-961C-4421-8AE8-F9D405B666C4}.Release|Any CPU.Build.0 = Release|Any CPU
		{05E44B59-7C04-4751-A8E1-3FD7E62DC139}.Debug|Any CPU.ActiveCfg = Debug|Any CPU
		{05E44B59-7C04-4751-A8E1-3FD7E62DC139}.Debug|Any CPU.Build.0 = Debug|Any CPU
		{05E44B59-7C04-4751-A8E1-3FD7E62DC139}.Release|Any CPU.ActiveCfg = Release|Any CPU
		{05E44B59-7C04-4751-A8E1-3FD7E62DC139}.Release|Any CPU.Build.0 = Release|Any CPU
		{662B1259-2E66-4E4C-BAF3-97BFB040B1D1}.Debug|Any CPU.ActiveCfg = Debug|Any CPU
		{662B1259-2E66-4E4C-BAF3-97BFB040B1D1}.Debug|Any CPU.Build.0 = Debug|Any CPU
		{662B1259-2E66-4E4C-BAF3-97BFB040B1D1}.Release|Any CPU.ActiveCfg = Release|Any CPU
		{662B1259-2E66-4E4C-BAF3-97BFB040B1D1}.Release|Any CPU.Build.0 = Release|Any CPU
		{AFA2A427-7F7E-4B17-85DB-549E7D2AB22A}.Debug|Any CPU.ActiveCfg = Debug|Any CPU
		{AFA2A427-7F7E-4B17-85DB-549E7D2AB22A}.Debug|Any CPU.Build.0 = Debug|Any CPU
		{AFA2A427-7F7E-4B17-85DB-549E7D2AB22A}.Release|Any CPU.ActiveCfg = Release|Any CPU
		{AFA2A427-7F7E-4B17-85DB-549E7D2AB22A}.Release|Any CPU.Build.0 = Release|Any CPU
	EndGlobalSection
	GlobalSection(SolutionProperties) = preSolution
		HideSolutionNode = FALSE
	EndGlobalSection
	GlobalSection(ExtensibilityGlobals) = postSolution
		SolutionGuid = {CA215F08-09AB-4AA8-8EA5-B92C90D2F741}
	EndGlobalSection
EndGlobal
